// !$*UTF8*$!
{
	archiveVersion = 1;
	classes = {
	};
	objectVersion = 55;
	objects = {

/* Begin PBXBuildFile section */
		F533A88B2A651AF800319387 /* Presenter.swift in Sources */ = {isa = PBXBuildFile; fileRef = F533A88A2A651AF800319387 /* Presenter.swift */; };
		F533A88E2A651D6500319387 /* Shape.swift in Sources */ = {isa = PBXBuildFile; fileRef = F533A88D2A651D6500319387 /* Shape.swift */; };
		F533A8902A651D7200319387 /* ShapeFactory.swift in Sources */ = {isa = PBXBuildFile; fileRef = F533A88F2A651D7200319387 /* ShapeFactory.swift */; };
		F533A8922A651DAC00319387 /* GameAssembly.swift in Sources */ = {isa = PBXBuildFile; fileRef = F533A8912A651DAC00319387 /* GameAssembly.swift */; };
		F533A8942A65229A00319387 /* PlayfieldConfiguration.swift in Sources */ = {isa = PBXBuildFile; fileRef = F533A8932A65229A00319387 /* PlayfieldConfiguration.swift */; };
		F559FCDE2A5AF52D0005D34C /* AppDelegate.swift in Sources */ = {isa = PBXBuildFile; fileRef = F559FCDD2A5AF52D0005D34C /* AppDelegate.swift */; };
		F559FCE02A5AF52D0005D34C /* SceneDelegate.swift in Sources */ = {isa = PBXBuildFile; fileRef = F559FCDF2A5AF52D0005D34C /* SceneDelegate.swift */; };
		F559FCE22A5AF52D0005D34C /* ViewController.swift in Sources */ = {isa = PBXBuildFile; fileRef = F559FCE12A5AF52D0005D34C /* ViewController.swift */; };
		F559FCE72A5AF5330005D34C /* Assets.xcassets in Resources */ = {isa = PBXBuildFile; fileRef = F559FCE62A5AF5330005D34C /* Assets.xcassets */; };
		F559FCEA2A5AF5330005D34C /* LaunchScreen.storyboard in Resources */ = {isa = PBXBuildFile; fileRef = F559FCE82A5AF5330005D34C /* LaunchScreen.storyboard */; };
		F561725B2A666FAB00FF5160 /* Assembly.swift in Sources */ = {isa = PBXBuildFile; fileRef = F561725A2A666FAB00FF5160 /* Assembly.swift */; };
		F584F3762A64274B00CDBF0E /* Playfield.swift in Sources */ = {isa = PBXBuildFile; fileRef = F584F3752A64274B00CDBF0E /* Playfield.swift */; };
		F584F3782A64278500CDBF0E /* GameCoordinator.swift in Sources */ = {isa = PBXBuildFile; fileRef = F584F3772A64278500CDBF0E /* GameCoordinator.swift */; };
		F5D81D622A5B1013006ECB3A /* LoopTimer.swift in Sources */ = {isa = PBXBuildFile; fileRef = F5D81D612A5B1013006ECB3A /* LoopTimer.swift */; };
/* End PBXBuildFile section */

/* Begin PBXFileReference section */
		F533A88A2A651AF800319387 /* Presenter.swift */ = {isa = PBXFileReference; lastKnownFileType = sourcecode.swift; path = Presenter.swift; sourceTree = "<group>"; };
		F533A88D2A651D6500319387 /* Shape.swift */ = {isa = PBXFileReference; lastKnownFileType = sourcecode.swift; path = Shape.swift; sourceTree = "<group>"; };
		F533A88F2A651D7200319387 /* ShapeFactory.swift */ = {isa = PBXFileReference; lastKnownFileType = sourcecode.swift; path = ShapeFactory.swift; sourceTree = "<group>"; };
		F533A8912A651DAC00319387 /* GameAssembly.swift */ = {isa = PBXFileReference; lastKnownFileType = sourcecode.swift; path = GameAssembly.swift; sourceTree = "<group>"; };
		F533A8932A65229A00319387 /* PlayfieldConfiguration.swift */ = {isa = PBXFileReference; lastKnownFileType = sourcecode.swift; path = PlayfieldConfiguration.swift; sourceTree = "<group>"; };
		F559FCDA2A5AF52D0005D34C /* Tetris.app */ = {isa = PBXFileReference; explicitFileType = wrapper.application; includeInIndex = 0; path = Tetris.app; sourceTree = BUILT_PRODUCTS_DIR; };
		F559FCDD2A5AF52D0005D34C /* AppDelegate.swift */ = {isa = PBXFileReference; lastKnownFileType = sourcecode.swift; path = AppDelegate.swift; sourceTree = "<group>"; };
		F559FCDF2A5AF52D0005D34C /* SceneDelegate.swift */ = {isa = PBXFileReference; lastKnownFileType = sourcecode.swift; path = SceneDelegate.swift; sourceTree = "<group>"; };
		F559FCE12A5AF52D0005D34C /* ViewController.swift */ = {isa = PBXFileReference; lastKnownFileType = sourcecode.swift; path = ViewController.swift; sourceTree = "<group>"; };
		F559FCE62A5AF5330005D34C /* Assets.xcassets */ = {isa = PBXFileReference; lastKnownFileType = folder.assetcatalog; path = Assets.xcassets; sourceTree = "<group>"; };
		F559FCE92A5AF5330005D34C /* Base */ = {isa = PBXFileReference; lastKnownFileType = file.storyboard; name = Base; path = Base.lproj/LaunchScreen.storyboard; sourceTree = "<group>"; };
		F559FCEB2A5AF5330005D34C /* Info.plist */ = {isa = PBXFileReference; lastKnownFileType = text.plist.xml; path = Info.plist; sourceTree = "<group>"; };
		F561725A2A666FAB00FF5160 /* Assembly.swift */ = {isa = PBXFileReference; lastKnownFileType = sourcecode.swift; path = Assembly.swift; sourceTree = "<group>"; };
		F584F3752A64274B00CDBF0E /* Playfield.swift */ = {isa = PBXFileReference; lastKnownFileType = sourcecode.swift; path = Playfield.swift; sourceTree = "<group>"; };
		F584F3772A64278500CDBF0E /* GameCoordinator.swift */ = {isa = PBXFileReference; lastKnownFileType = sourcecode.swift; path = GameCoordinator.swift; sourceTree = "<group>"; };
		F5D81D612A5B1013006ECB3A /* LoopTimer.swift */ = {isa = PBXFileReference; lastKnownFileType = sourcecode.swift; path = LoopTimer.swift; sourceTree = "<group>"; };
/* End PBXFileReference section */

/* Begin PBXFrameworksBuildPhase section */
		F559FCD72A5AF52D0005D34C /* Frameworks */ = {
			isa = PBXFrameworksBuildPhase;
			buildActionMask = 2147483647;
			files = (
			);
			runOnlyForDeploymentPostprocessing = 0;
		};
/* End PBXFrameworksBuildPhase section */

/* Begin PBXGroup section */
		F533A88C2A651B0500319387 /* View */ = {
			isa = PBXGroup;
			children = (
				F559FCE12A5AF52D0005D34C /* ViewController.swift */,
				F533A88A2A651AF800319387 /* Presenter.swift */,
				F561725A2A666FAB00FF5160 /* Assembly.swift */,
			);
			path = View;
			sourceTree = "<group>";
		};
		F559FCD12A5AF52D0005D34C = {
			isa = PBXGroup;
			children = (
				F559FCDC2A5AF52D0005D34C /* Tetris */,
				F559FCDB2A5AF52D0005D34C /* Products */,
			);
			sourceTree = "<group>";
		};
		F559FCDB2A5AF52D0005D34C /* Products */ = {
			isa = PBXGroup;
			children = (
				F559FCDA2A5AF52D0005D34C /* Tetris.app */,
			);
			name = Products;
			sourceTree = "<group>";
		};
		F559FCDC2A5AF52D0005D34C /* Tetris */ = {
			isa = PBXGroup;
			children = (
				F533A88C2A651B0500319387 /* View */,
				F559FCF12A5AF5450005D34C /* Engine */,
				F559FCDD2A5AF52D0005D34C /* AppDelegate.swift */,
				F559FCDF2A5AF52D0005D34C /* SceneDelegate.swift */,
				F559FCE62A5AF5330005D34C /* Assets.xcassets */,
				F559FCE82A5AF5330005D34C /* LaunchScreen.storyboard */,
				F559FCEB2A5AF5330005D34C /* Info.plist */,
			);
			path = Tetris;
			sourceTree = "<group>";
		};
		F559FCF12A5AF5450005D34C /* Engine */ = {
			isa = PBXGroup;
			children = (
				F5D81D612A5B1013006ECB3A /* LoopTimer.swift */,
				F584F3752A64274B00CDBF0E /* Playfield.swift */,
				F584F3772A64278500CDBF0E /* GameCoordinator.swift */,
				F533A88D2A651D6500319387 /* Shape.swift */,
				F533A88F2A651D7200319387 /* ShapeFactory.swift */,
				F533A8912A651DAC00319387 /* GameAssembly.swift */,
				F533A8932A65229A00319387 /* PlayfieldConfiguration.swift */,
			);
			path = Engine;
			sourceTree = "<group>";
		};
/* End PBXGroup section */

/* Begin PBXNativeTarget section */
		F559FCD92A5AF52D0005D34C /* Tetris */ = {
			isa = PBXNativeTarget;
			buildConfigurationList = F559FCEE2A5AF5330005D34C /* Build configuration list for PBXNativeTarget "Tetris" */;
			buildPhases = (
				F559FCD62A5AF52D0005D34C /* Sources */,
				F559FCD72A5AF52D0005D34C /* Frameworks */,
				F559FCD82A5AF52D0005D34C /* Resources */,
			);
			buildRules = (
			);
			dependencies = (
			);
			name = Tetris;
			productName = Tetris;
			productReference = F559FCDA2A5AF52D0005D34C /* Tetris.app */;
			productType = "com.apple.product-type.application";
		};
/* End PBXNativeTarget section */

/* Begin PBXProject section */
		F559FCD22A5AF52D0005D34C /* Project object */ = {
			isa = PBXProject;
			attributes = {
				BuildIndependentTargetsInParallel = 1;
				LastSwiftUpdateCheck = 1320;
				LastUpgradeCheck = 1320;
				TargetAttributes = {
					F559FCD92A5AF52D0005D34C = {
						CreatedOnToolsVersion = 13.2;
					};
				};
			};
			buildConfigurationList = F559FCD52A5AF52D0005D34C /* Build configuration list for PBXProject "Tetris" */;
			compatibilityVersion = "Xcode 13.0";
			developmentRegion = en;
			hasScannedForEncodings = 0;
			knownRegions = (
				en,
				Base,
			);
			mainGroup = F559FCD12A5AF52D0005D34C;
			productRefGroup = F559FCDB2A5AF52D0005D34C /* Products */;
			projectDirPath = "";
			projectRoot = "";
			targets = (
				F559FCD92A5AF52D0005D34C /* Tetris */,
			);
		};
/* End PBXProject section */

/* Begin PBXResourcesBuildPhase section */
		F559FCD82A5AF52D0005D34C /* Resources */ = {
			isa = PBXResourcesBuildPhase;
			buildActionMask = 2147483647;
			files = (
				F559FCEA2A5AF5330005D34C /* LaunchScreen.storyboard in Resources */,
				F559FCE72A5AF5330005D34C /* Assets.xcassets in Resources */,
			);
			runOnlyForDeploymentPostprocessing = 0;
		};
/* End PBXResourcesBuildPhase section */

/* Begin PBXSourcesBuildPhase section */
		F559FCD62A5AF52D0005D34C /* Sources */ = {
			isa = PBXSourcesBuildPhase;
			buildActionMask = 2147483647;
			files = (
				F559FCE22A5AF52D0005D34C /* ViewController.swift in Sources */,
				F561725B2A666FAB00FF5160 /* Assembly.swift in Sources */,
				F533A88B2A651AF800319387 /* Presenter.swift in Sources */,
				F584F3762A64274B00CDBF0E /* Playfield.swift in Sources */,
				F533A8902A651D7200319387 /* ShapeFactory.swift in Sources */,
				F533A8942A65229A00319387 /* PlayfieldConfiguration.swift in Sources */,
				F533A88E2A651D6500319387 /* Shape.swift in Sources */,
				F533A8922A651DAC00319387 /* GameAssembly.swift in Sources */,
				F559FCDE2A5AF52D0005D34C /* AppDelegate.swift in Sources */,
				F584F3782A64278500CDBF0E /* GameCoordinator.swift in Sources */,
				F559FCE02A5AF52D0005D34C /* SceneDelegate.swift in Sources */,
				F5D81D622A5B1013006ECB3A /* LoopTimer.swift in Sources */,
			);
			runOnlyForDeploymentPostprocessing = 0;
		};
/* End PBXSourcesBuildPhase section */

/* Begin PBXVariantGroup section */
		F559FCE82A5AF5330005D34C /* LaunchScreen.storyboard */ = {
			isa = PBXVariantGroup;
			children = (
				F559FCE92A5AF5330005D34C /* Base */,
			);
			name = LaunchScreen.storyboard;
			sourceTree = "<group>";
		};
/* End PBXVariantGroup section */

/* Begin XCBuildConfiguration section */
		F559FCEC2A5AF5330005D34C /* Debug */ = {
			isa = XCBuildConfiguration;
			buildSettings = {
				ALWAYS_SEARCH_USER_PATHS = NO;
				CLANG_ANALYZER_NONNULL = YES;
				CLANG_ANALYZER_NUMBER_OBJECT_CONVERSION = YES_AGGRESSIVE;
				CLANG_CXX_LANGUAGE_STANDARD = "gnu++17";
				CLANG_CXX_LIBRARY = "libc++";
				CLANG_ENABLE_MODULES = YES;
				CLANG_ENABLE_OBJC_ARC = YES;
				CLANG_ENABLE_OBJC_WEAK = YES;
				CLANG_WARN_BLOCK_CAPTURE_AUTORELEASING = YES;
				CLANG_WARN_BOOL_CONVERSION = YES;
				CLANG_WARN_COMMA = YES;
				CLANG_WARN_CONSTANT_CONVERSION = YES;
				CLANG_WARN_DEPRECATED_OBJC_IMPLEMENTATIONS = YES;
				CLANG_WARN_DIRECT_OBJC_ISA_USAGE = YES_ERROR;
				CLANG_WARN_DOCUMENTATION_COMMENTS = YES;
				CLANG_WARN_EMPTY_BODY = YES;
				CLANG_WARN_ENUM_CONVERSION = YES;
				CLANG_WARN_INFINITE_RECURSION = YES;
				CLANG_WARN_INT_CONVERSION = YES;
				CLANG_WARN_NON_LITERAL_NULL_CONVERSION = YES;
				CLANG_WARN_OBJC_IMPLICIT_RETAIN_SELF = YES;
				CLANG_WARN_OBJC_LITERAL_CONVERSION = YES;
				CLANG_WARN_OBJC_ROOT_CLASS = YES_ERROR;
				CLANG_WARN_QUOTED_INCLUDE_IN_FRAMEWORK_HEADER = YES;
				CLANG_WARN_RANGE_LOOP_ANALYSIS = YES;
				CLANG_WARN_STRICT_PROTOTYPES = YES;
				CLANG_WARN_SUSPICIOUS_MOVE = YES;
				CLANG_WARN_UNGUARDED_AVAILABILITY = YES_AGGRESSIVE;
				CLANG_WARN_UNREACHABLE_CODE = YES;
				CLANG_WARN__DUPLICATE_METHOD_MATCH = YES;
				COPY_PHASE_STRIP = NO;
				DEBUG_INFORMATION_FORMAT = dwarf;
				ENABLE_STRICT_OBJC_MSGSEND = YES;
				ENABLE_TESTABILITY = YES;
				GCC_C_LANGUAGE_STANDARD = gnu11;
				GCC_DYNAMIC_NO_PIC = NO;
				GCC_NO_COMMON_BLOCKS = YES;
				GCC_OPTIMIZATION_LEVEL = 0;
				GCC_PREPROCESSOR_DEFINITIONS = (
					"DEBUG=1",
					"$(inherited)",
				);
				GCC_WARN_64_TO_32_BIT_CONVERSION = YES;
				GCC_WARN_ABOUT_RETURN_TYPE = YES_ERROR;
				GCC_WARN_UNDECLARED_SELECTOR = YES;
				GCC_WARN_UNINITIALIZED_AUTOS = YES_AGGRESSIVE;
				GCC_WARN_UNUSED_FUNCTION = YES;
				GCC_WARN_UNUSED_VARIABLE = YES;
				IPHONEOS_DEPLOYMENT_TARGET = 15.2;
				MTL_ENABLE_DEBUG_INFO = INCLUDE_SOURCE;
				MTL_FAST_MATH = YES;
				ONLY_ACTIVE_ARCH = YES;
				SDKROOT = iphoneos;
				SWIFT_ACTIVE_COMPILATION_CONDITIONS = DEBUG;
				SWIFT_OPTIMIZATION_LEVEL = "-Onone";
			};
			name = Debug;
		};
		F559FCED2A5AF5330005D34C /* Release */ = {
			isa = XCBuildConfiguration;
			buildSettings = {
				ALWAYS_SEARCH_USER_PATHS = NO;
				CLANG_ANALYZER_NONNULL = YES;
				CLANG_ANALYZER_NUMBER_OBJECT_CONVERSION = YES_AGGRESSIVE;
				CLANG_CXX_LANGUAGE_STANDARD = "gnu++17";
				CLANG_CXX_LIBRARY = "libc++";
				CLANG_ENABLE_MODULES = YES;
				CLANG_ENABLE_OBJC_ARC = YES;
				CLANG_ENABLE_OBJC_WEAK = YES;
				CLANG_WARN_BLOCK_CAPTURE_AUTORELEASING = YES;
				CLANG_WARN_BOOL_CONVERSION = YES;
				CLANG_WARN_COMMA = YES;
				CLANG_WARN_CONSTANT_CONVERSION = YES;
				CLANG_WARN_DEPRECATED_OBJC_IMPLEMENTATIONS = YES;
				CLANG_WARN_DIRECT_OBJC_ISA_USAGE = YES_ERROR;
				CLANG_WARN_DOCUMENTATION_COMMENTS = YES;
				CLANG_WARN_EMPTY_BODY = YES;
				CLANG_WARN_ENUM_CONVERSION = YES;
				CLANG_WARN_INFINITE_RECURSION = YES;
				CLANG_WARN_INT_CONVERSION = YES;
				CLANG_WARN_NON_LITERAL_NULL_CONVERSION = YES;
				CLANG_WARN_OBJC_IMPLICIT_RETAIN_SELF = YES;
				CLANG_WARN_OBJC_LITERAL_CONVERSION = YES;
				CLANG_WARN_OBJC_ROOT_CLASS = YES_ERROR;
				CLANG_WARN_QUOTED_INCLUDE_IN_FRAMEWORK_HEADER = YES;
				CLANG_WARN_RANGE_LOOP_ANALYSIS = YES;
				CLANG_WARN_STRICT_PROTOTYPES = YES;
				CLANG_WARN_SUSPICIOUS_MOVE = YES;
				CLANG_WARN_UNGUARDED_AVAILABILITY = YES_AGGRESSIVE;
				CLANG_WARN_UNREACHABLE_CODE = YES;
				CLANG_WARN__DUPLICATE_METHOD_MATCH = YES;
				COPY_PHASE_STRIP = NO;
				DEBUG_INFORMATION_FORMAT = "dwarf-with-dsym";
				ENABLE_NS_ASSERTIONS = NO;
				ENABLE_STRICT_OBJC_MSGSEND = YES;
				GCC_C_LANGUAGE_STANDARD = gnu11;
				GCC_NO_COMMON_BLOCKS = YES;
				GCC_WARN_64_TO_32_BIT_CONVERSION = YES;
				GCC_WARN_ABOUT_RETURN_TYPE = YES_ERROR;
				GCC_WARN_UNDECLARED_SELECTOR = YES;
				GCC_WARN_UNINITIALIZED_AUTOS = YES_AGGRESSIVE;
				GCC_WARN_UNUSED_FUNCTION = YES;
				GCC_WARN_UNUSED_VARIABLE = YES;
				IPHONEOS_DEPLOYMENT_TARGET = 15.2;
				MTL_ENABLE_DEBUG_INFO = NO;
				MTL_FAST_MATH = YES;
				SDKROOT = iphoneos;
				SWIFT_COMPILATION_MODE = wholemodule;
				SWIFT_OPTIMIZATION_LEVEL = "-O";
				VALIDATE_PRODUCT = YES;
			};
			name = Release;
		};
		F559FCEF2A5AF5330005D34C /* Debug */ = {
			isa = XCBuildConfiguration;
			buildSettings = {
				ASSETCATALOG_COMPILER_APPICON_NAME = AppIcon;
				ASSETCATALOG_COMPILER_GLOBAL_ACCENT_COLOR_NAME = AccentColor;
				CODE_SIGN_IDENTITY = "Apple Development";
				CODE_SIGN_STYLE = Automatic;
				CURRENT_PROJECT_VERSION = 1;
				DEVELOPMENT_TEAM = LMCXDS3MQ7;
				GENERATE_INFOPLIST_FILE = YES;
				INFOPLIST_FILE = Tetris/Info.plist;
				INFOPLIST_KEY_UIApplicationSupportsIndirectInputEvents = YES;
				INFOPLIST_KEY_UILaunchStoryboardName = LaunchScreen;
				INFOPLIST_KEY_UIMainStoryboardFile = "";
				INFOPLIST_KEY_UISupportedInterfaceOrientations_iPad = "UIInterfaceOrientationPortrait UIInterfaceOrientationPortraitUpsideDown UIInterfaceOrientationLandscapeLeft UIInterfaceOrientationLandscapeRight";
				INFOPLIST_KEY_UISupportedInterfaceOrientations_iPhone = "UIInterfaceOrientationPortrait UIInterfaceOrientationLandscapeLeft UIInterfaceOrientationLandscapeRight";
				LD_RUNPATH_SEARCH_PATHS = (
					"$(inherited)",
					"@executable_path/Frameworks",
				);
				MARKETING_VERSION = 1.0;
				PRODUCT_BUNDLE_IDENTIFIER = randomCompany.Tetris;
				PRODUCT_NAME = "$(TARGET_NAME)";
				PROVISIONING_PROFILE_SPECIFIER = "";
				SWIFT_EMIT_LOC_STRINGS = YES;
				SWIFT_VERSION = 5.0;
				TARGETED_DEVICE_FAMILY = "1,2";
			};
			name = Debug;
		};
		F559FCF02A5AF5330005D34C /* Release */ = {
			isa = XCBuildConfiguration;
			buildSettings = {
				ASSETCATALOG_COMPILER_APPICON_NAME = AppIcon;
				ASSETCATALOG_COMPILER_GLOBAL_ACCENT_COLOR_NAME = AccentColor;
				CODE_SIGN_IDENTITY = "Apple Development";
				CODE_SIGN_STYLE = Automatic;
				CURRENT_PROJECT_VERSION = 1;
				DEVELOPMENT_TEAM = LMCXDS3MQ7;
				GENERATE_INFOPLIST_FILE = YES;
				INFOPLIST_FILE = Tetris/Info.plist;
				INFOPLIST_KEY_UIApplicationSupportsIndirectInputEvents = YES;
				INFOPLIST_KEY_UILaunchStoryboardName = LaunchScreen;
				INFOPLIST_KEY_UIMainStoryboardFile = "";
				INFOPLIST_KEY_UISupportedInterfaceOrientations_iPad = "UIInterfaceOrientationPortrait UIInterfaceOrientationPortraitUpsideDown UIInterfaceOrientationLandscapeLeft UIInterfaceOrientationLandscapeRight";
				INFOPLIST_KEY_UISupportedInterfaceOrientations_iPhone = "UIInterfaceOrientationPortrait UIInterfaceOrientationLandscapeLeft UIInterfaceOrientationLandscapeRight";
				LD_RUNPATH_SEARCH_PATHS = (
					"$(inherited)",
					"@executable_path/Frameworks",
				);
				MARKETING_VERSION = 1.0;
				PRODUCT_BUNDLE_IDENTIFIER = randomCompany.Tetris;
				PRODUCT_NAME = "$(TARGET_NAME)";
				PROVISIONING_PROFILE_SPECIFIER = "";
				SWIFT_EMIT_LOC_STRINGS = YES;
				SWIFT_VERSION = 5.0;
				TARGETED_DEVICE_FAMILY = "1,2";
			};
			name = Release;
		};
/* End XCBuildConfiguration section */

/* Begin XCConfigurationList section */
		F559FCD52A5AF52D0005D34C /* Build configuration list for PBXProject "Tetris" */ = {
			isa = XCConfigurationList;
			buildConfigurations = (
				F559FCEC2A5AF5330005D34C /* Debug */,
				F559FCED2A5AF5330005D34C /* Release */,
			);
			defaultConfigurationIsVisible = 0;
			defaultConfigurationName = Release;
		};
		F559FCEE2A5AF5330005D34C /* Build configuration list for PBXNativeTarget "Tetris" */ = {
			isa = XCConfigurationList;
			buildConfigurations = (
				F559FCEF2A5AF5330005D34C /* Debug */,
				F559FCF02A5AF5330005D34C /* Release */,
			);
			defaultConfigurationIsVisible = 0;
			defaultConfigurationName = Release;
		};
/* End XCConfigurationList section */
	};
	rootObject = F559FCD22A5AF52D0005D34C /* Project object */;
}
